{
    "_meta": {
        "hash": {
            "sha256": "86315335ec16d373078e4df6629a4678ce2c2e5941fcea65f407a3576510ec3f"
        },
        "pipfile-spec": 6,
        "requires": {
            "python_version": "3.12"
        },
        "sources": [
            {
                "name": "pypi",
                "url": "https://pypi.org/simple",
                "verify_ssl": true
            }
        ]
    },
    "default": {
        "bcrypt": {
            "hashes": [
                "sha256:046ad6db88edb3c5ece4369af997938fb1c19d6a699b9c1b27b0db432faae4c4",
                "sha256:0c418ca99fd47e9c59a301744d63328f17798b5947b0f791e9af3c1c499c2d0a",
                "sha256:0c8e093ea2532601a6f686edbc2c6b2ec24131ff5c52f7610dd64fa4553b5464",
                "sha256:0cae4cb350934dfd74c020525eeae0a5f79257e8a201c0c176f4b84fdbf2a4b4",
                "sha256:137c5156524328a24b9fac1cb5db0ba618bc97d11970b39184c1d87dc4bf1746",
                "sha256:200af71bc25f22006f4069060c88ed36f8aa4ff7f53e67ff04d2ab3f1e79a5b2",
                "sha256:212139484ab3207b1f0c00633d3be92fef3c5f0af17cad155679d03ff2ee1e41",
                "sha256:2b732e7d388fa22d48920baa267ba5d97cca38070b69c0e2d37087b381c681fd",
                "sha256:35a77ec55b541e5e583eb3436ffbbf53b0ffa1fa16ca6782279daf95d146dcd9",
                "sha256:38cac74101777a6a7d3b3e3cfefa57089b5ada650dce2baf0cbdd9d65db22a9e",
                "sha256:3abeb543874b2c0524ff40c57a4e14e5d3a66ff33fb423529c88f180fd756538",
                "sha256:3ca8a166b1140436e058298a34d88032ab62f15aae1c598580333dc21d27ef10",
                "sha256:3cf67a804fc66fc217e6914a5635000259fbbbb12e78a99488e4d5ba445a71eb",
                "sha256:4870a52610537037adb382444fefd3706d96d663ac44cbb2f37e3919dca3d7ef",
                "sha256:48f753100931605686f74e27a7b49238122aa761a9aefe9373265b8b7aa43ea4",
                "sha256:4bfd2a34de661f34d0bda43c3e4e79df586e4716ef401fe31ea39d69d581ef23",
                "sha256:560ddb6ec730386e7b3b26b8b4c88197aaed924430e7b74666a586ac997249ef",
                "sha256:5b1589f4839a0899c146e8892efe320c0fa096568abd9b95593efac50a87cb75",
                "sha256:5feebf85a9cefda32966d8171f5db7e3ba964b77fdfe31919622256f80f9cf42",
                "sha256:611f0a17aa4a25a69362dcc299fda5c8a3d4f160e2abb3831041feb77393a14a",
                "sha256:61afc381250c3182d9078551e3ac3a41da14154fbff647ddf52a769f588c4172",
                "sha256:64d7ce196203e468c457c37ec22390f1a61c85c6f0b8160fd752940ccfb3a683",
                "sha256:64ee8434b0da054d830fa8e89e1c8bf30061d539044a39524ff7dec90481e5c2",
                "sha256:6b8f520b61e8781efee73cba14e3e8c9556ccfb375623f4f97429544734545b4",
                "sha256:741449132f64b3524e95cd30e5cd3343006ce146088f074f31ab26b94e6c75ba",
                "sha256:744d3c6b164caa658adcb72cb8cc9ad9b4b75c7db507ab4bc2480474a51989da",
                "sha256:79cfa161eda8d2ddf29acad370356b47f02387153b11d46042e93a0a95127493",
                "sha256:7aeef54b60ceddb6f30ee3db090351ecf0d40ec6e2abf41430997407a46d2254",
                "sha256:7edda91d5ab52b15636d9c30da87d2cc84f426c72b9dba7a9b4fe142ba11f534",
                "sha256:7f277a4b3390ab4bebe597800a90da0edae882c6196d3038a73adf446c4f969f",
                "sha256:7f4c94dec1b5ab5d522750cb059bb9409ea8872d4494fd152b53cca99f1ddd8c",
                "sha256:801cad5ccb6b87d1b430f183269b94c24f248dddbbc5c1f78b6ed231743e001c",
                "sha256:83e787d7a84dbbfba6f250dd7a5efd689e935f03dd83b0f919d39349e1f23f83",
                "sha256:89042e61b5e808b67daf24a434d89bab164d4de1746b37a8d173b6b14f3db9ff",
                "sha256:92864f54fb48b4c718fc92a32825d0e42265a627f956bc0361fe869f1adc3e7d",
                "sha256:9d52ed507c2488eddd6a95bccee4e808d3234fa78dd370e24bac65a21212b861",
                "sha256:9fffdb387abe6aa775af36ef16f55e318dcda4194ddbf82007a6f21da29de8f5",
                "sha256:a28bc05039bdf3289d757f49d616ab3efe8cf40d8e8001ccdd621cd4f98f4fc9",
                "sha256:a5393eae5722bcef046a990b84dff02b954904c36a194f6cfc817d7dca6c6f0b",
                "sha256:a71f70ee269671460b37a449f5ff26982a6f2ba493b3eabdd687b4bf35f875ac",
                "sha256:b17366316c654e1ad0306a6858e189fc835eca39f7eb2cafd6aaca8ce0c40a2e",
                "sha256:baade0a5657654c2984468efb7d6c110db87ea63ef5a4b54732e7e337253e44f",
                "sha256:c2388ca94ffee269b6038d48747f4ce8df0ffbea43f31abfa18ac72f0218effb",
                "sha256:c58b56cdfb03202b3bcc9fd8daee8e8e9b6d7e3163aa97c631dfcfcc24d36c86",
                "sha256:cde08734f12c6a4e28dc6755cd11d3bdfea608d93d958fffbe95a7026ebe4980",
                "sha256:d79e5c65dcc9af213594d6f7f1fa2c98ad3fc10431e7aa53c176b441943efbdd",
                "sha256:d8d65b564ec849643d9f7ea05c6d9f0cd7ca23bdd4ac0c2dbef1104ab504543d",
                "sha256:db99dca3b1fdc3db87d7c57eac0c82281242d1eabf19dcb8a6b10eb29a2e72d1",
                "sha256:dcd58e2b3a908b5ecc9b9df2f0085592506ac2d5110786018ee5e160f28e0911",
                "sha256:dd19cf5184a90c873009244586396a6a884d591a5323f0e8a5922560718d4993",
                "sha256:ddb4e1500f6efdd402218ffe34d040a1196c072e07929b9820f363a1fd1f4191",
                "sha256:e3cf5b2560c7b5a142286f69bde914494b6d8f901aaa71e453078388a50881c4",
                "sha256:ed2e1365e31fc73f1825fa830f1c8f8917ca1b3ca6185773b349c20fd606cec2",
                "sha256:edfcdcedd0d0f05850c52ba3127b1fce70b9f89e0fe5ff16517df7e81fa3cbb8",
                "sha256:f0ce778135f60799d89c9693b9b398819d15f1921ba15fe719acb3178215a7db",
                "sha256:f2347d3534e76bf50bca5500989d6c1d05ed64b440408057a37673282c654927",
                "sha256:f3c08197f3039bec79cee59a606d62b96b16669cff3949f21e74796b6e3cd2be",
                "sha256:f632fd56fc4e61564f78b46a2269153122db34988e78b6be8b32d28507b7eaeb",
                "sha256:f6984a24db30548fd39a44360532898c33528b74aedf81c26cf29c51ee47057e",
                "sha256:f70aadb7a809305226daedf75d90379c397b094755a710d7014b8b117df1ebbf",
                "sha256:f748f7c2d6fd375cc93d3fba7ef4a9e3a092421b8dbf34d8d4dc06be9492dfdd",
                "sha256:f8429e1c410b4073944f03bd778a9e066e7fad723564a52ff91841d278dfc822",
                "sha256:fc746432b951e92b58317af8e0ca746efe93e66555f1b40888865ef5bf56446b"
            ],
            "markers": "python_version >= '3.8'",
            "version": "==5.0.0"
        },
        "cffi": {
            "hashes": [
                "sha256:02cb7ff33ded4f1532476731f89ede53e2e488a8e6205515a82144246ffa7dcc",
                "sha256:03e9810d18c646077e501f661b682fbf5dee4676048527ca3cffe66faa9960dd",
                "sha256:0520e1f4c35f44e209cbbb421b67eec42e6a157f59444dfb6058874ff3610e5d",
                "sha256:0582a58f3051372229ca8e7f5f589f9e5632678208d8636fea3676711fdf7fe5",
                "sha256:0611e7ebf90573a535ebdc33ae9da222d037853983e13359f580fab781ca017f",
                "sha256:0a42c688d19fca6e095a53c6a6e2295a5b050a8b289f109adab02a9e61a25de6",
                "sha256:0a96b74cda968eebbad56d973efe5098974f0a9fb323865bf99ea1fd24e3e64c",
                "sha256:10537b1df4967ca26d21e5072d7d54188354483b91dc75058968d3f0cf13fbda",
                "sha256:11b3fb55f4f8ad92274ed26705f65d8f91457de71f5380061eb6d125a768fecd",
                "sha256:15faec4adfff450819f3aee0e2e02c812de6edb88203aa58807955db2003472a",
                "sha256:164bff1657b2a74f0b6d54e11c9b375bc97b931f2ca9c43fcf875838da1570dd",
                "sha256:1854b724d00f6654c742097d5387569021be12d3a0f770eae1df8f8acfcc6acd",
                "sha256:19c54ac121cad98450b4896fa9a43ee0180d57bc4bc911a33db6cab1efab6cd3",
                "sha256:1b96bfe2c4bd825681b7d311ad6d9b7280a091f43e8f63da5729638083cd3bfb",
                "sha256:1e9f50d192a3e525b15a75ab5114e442d83d657b7ec29182a991bc9a88fd3a66",
                "sha256:1ff3456eab0d889592d1936d6125bbfbc7ae4d3354a700f8bd80450a66445d4d",
                "sha256:2282cd5e38aa8accd03e99d1256af8411c84cdbee6a89d841b563fdbd1f3e50f",
                "sha256:276f20fffd7b396e12516ba8edf9509210ac248cbbc5acbc39cd512f9f59ebe6",
                "sha256:2b71d409cccee78310ab5dec549aed052aaea483346e282c7b02362596e01bb0",
                "sha256:2e9dabb9abcb7ad15938c7196ad5c1718a4e6d33cc79b4c0209bdb64c4a54a5c",
                "sha256:30b65779d598c370374fefabf138d456fd6f3216bfa7bedfab1ba82025b0cd93",
                "sha256:33eb1ad83ebe8f313e0df035c406227d55a79456704a863fad9842136af5ad7d",
                "sha256:35aaea0c7ee0e58a5cd8c2fd1a48fdf7ece0d2699b7ecdda08194e9ce5dd9b3d",
                "sha256:3681e031db29958a7502f5c0c9d6bbc4c36cb20f7b104086fa642d1799631ff8",
                "sha256:379de10ce1ba048b1448599d1b37b24caee16309d1ac98d3982fc997f768700b",
                "sha256:37f525a7e7e50c017fdebe58b787be310ad59357ae43a053943a6e1a6c526001",
                "sha256:3b926723c13eba9f81d2ef3820d63aeceec3b2d4639906047bf675cb8a7a500d",
                "sha256:3d7f118b5adbfdfead90c25822690b02bc8074fba949bb7858bec4ebd55adb43",
                "sha256:46b1c8db8f6122420f32d02fffb924c2fe9bc772d228c7c711748fff56aabb2b",
                "sha256:47ff3a8bfd8cb9da1af7524b965127095055654c177fcfc7578debcb015eecd0",
                "sha256:4d433a51f1870e43a13b6732f92aaf540ff77c2015097c78556f75a2d6c030e0",
                "sha256:4f26194e3d95e06501b942642855aed4f953d55e95d7d01b7c4483db3ecff458",
                "sha256:510aeeeac94811b138077451da1fb18b308a5feab47dd2b603af55804155e1c8",
                "sha256:5972433ad71a9e46516584ef60a0fda12d9dc459938d1539c3ddecf9bdc1368d",
                "sha256:5ecbd0499275d57506d397eebe1981cee87b47fcd9ef5c22cab7ed7644a39a94",
                "sha256:6274dcb2d15cef48daa73ed1be5a40d501d74dccd0cd6db364776d12cb6ba022",
                "sha256:63960549e4f8dc41e31accb97b975abaecfc44c03e396c093a6436763c2ea7db",
                "sha256:64c753a0f87a256020004f37a1c8c02c480e725f910f0b2a0f3f07debd1b2479",
                "sha256:6af371f3767faeffc6ac1ef57cdfd25844403e9d3f476c5537caee499de96376",
                "sha256:6ca4919c6e4f89aa99c42510b42cf54596892c00b3f9077f6bdd1505e24b9c8d",
                "sha256:6d194185eabd279f1c05ebe3504265ddfc5ad2b58d0714f7db9f01da592e9eb6",
                "sha256:702c436735fbe99d59ada02a1f65cfc0d31c0ee8b7290912f8fbc5cd1e4b16c3",
                "sha256:716ff8ec22f20b4d988b12884086bcef0fc99737043e503f7a3935a6be99b1ea",
                "sha256:762f99479dcb369f60ab9017ad4ab97a36a1dd7c1ee5a3b15db0f4b8659120cd",
                "sha256:7762faa47e8ff7eb80bd261d9a7d8eea2d8baa69de5e95b70c1f338bbe712f02",
                "sha256:78474632761faa0fb96f30b1c928c84ebcf68713cbb80d15bab09dfe61640fde",
                "sha256:799416bae98336e400981ff6e532d67d5c709cfb30afb79865a1315f94b0e224",
                "sha256:7d034dcffa09e9a46c93fa3a3be402096cb5354ac6e41ab8e5cc9cd8b642ad76",
                "sha256:7d28dff1db6764108bc30788d85d61c876beff416d9a49cb9dd7c5a9f34f5804",
                "sha256:7d3538f9c0e50670f4deb93dbb696576e60590369cae2faf7de681e597a8a1f1",
                "sha256:7d5980a3433d4b71a5e120f9dd551403d7824e31e2e67124fe2769c404c06913",
                "sha256:7ea6b3e2c4250ff1de21c630fe72d0f63eb95c2c32ffbf64a358cf4a8836d714",
                "sha256:86cf8755a791f72c85dc287128cc62d4f24d392e3f1e15837245623f4a33cccc",
                "sha256:88023dfe18799507b73f1dbb0d14326a17465de1bc9c9c7655c22845e9ddc3a2",
                "sha256:89095c1968b4ba8285840e131bf2891b09ae137fe2146905acae0354fbce1b5e",
                "sha256:8d35c139744adb3e727cd51b1a18324bbe44b8bd41bf8322bca4d41289f48eda",
                "sha256:8e74a6135550c4748af665b1b1118b6aab33b1fc6a16f9aff630af107c3b4512",
                "sha256:8f9ec95b8a043d3dfbc74d9abc6f7baf524dd27a8dc160b0a32ff9cdab650c28",
                "sha256:90bec57cf82089383bd06a605b3eb8daebf7e5a668520beaf6e327a83a947699",
                "sha256:95f2954c2c9473d892eca6e0409f3568b37ab62a8eedb122461f73cc273476e3",
                "sha256:961be50688f7fba2fa65f63712d3b9b341a22311f5253460ce933f52f0de1c8c",
                "sha256:98fff996e983a36d3aa2eca83af40c5821202e7e6f32d13ae94e3d2286f10cfe",
                "sha256:9b8f0f26ca4e7513c534d351eca551947d053fac438f2a04ac96d882909b0d3a",
                "sha256:9d72af0cf10a76a600a9690078fe31c63b9588c8e86bf9fd353f713c84b5db0f",
                "sha256:9d8272c0e483b024e1b9ad029821470ed8ec65631dbd90217469da0e7cd89f1c",
                "sha256:a016194dbe13d14ee9556e734b772d8d67b947092b268d757fd4290e3ba2dfc2",
                "sha256:a5781494d4d400a3f47f8f1da94b324f6e6b440a53387774002890a2a2f4b50f",
                "sha256:a95b05f9baf29b91171b3a8bd2020b028835243e7b0ff6bb23e2a3c228518b1b",
                "sha256:aa7a1b53a2a4452ada2d1b5dade9960b2522f1e61293a811a077439e39029565",
                "sha256:ac0f1a2d0cfa7eea3f2aaf006ab6e70e8feeb16b75d65b7e5939982ca2f11056",
                "sha256:af5e2915d41fe6c961694d7bfdc8562942638200f3ce2765dfb8b745cf997629",
                "sha256:b6422532152adf4e59b110cb2808cee7a033800952f5c036b4af047ee43199e7",
                "sha256:b65f590ef2a44640f9a05dbb548a429b4ade77913ce683ac8b1480777658a6c0",
                "sha256:ba00f661f8ba35d075c937174e27c2c421cec3942fd2e0ea3e66996757c0fdd9",
                "sha256:bccbbb5ee76a61f9d99b5bf3846a51d7fca4b6a732fe46f89295610edaf41853",
                "sha256:bf01d8c84cbea96b944c73b22182e6c7c432b3475632b8111dbfdc95ddad6e13",
                "sha256:bf5c6cf48238b0eb4c086978c492ad1cbc22373fc5b2d7353b3a598ce6db887a",
                "sha256:c16914df9fb7f500e440e6875fa23ff5e0b31db01fa9c06af98d59a91f0dc2e4",
                "sha256:c351efb95e832a853a29361675f33a7ce53de1a109cd73fd47af0712213aa4ce",
                "sha256:c4165821e131d6d4ca444347c2b694e2311bcfa3fe5a861cc72968f28867beac",
                "sha256:c5f5df567f6eb216de69be06ce55c8b714090fae02b18a3b40da8163b8c5fa9c",
                "sha256:c941bb58d5a6e1c3892d86e42927ed6c180302f07e6d395d08c416e594b98b46",
                "sha256:c97f080ea627e2863524c5af3836e2270b5f5dfff1f104392b959f8df0c5d384",
                "sha256:cb96698e3c7413d906ce83f8ffd245ec1bd94707541f299d0ce4d6b0193e982b",
                "sha256:cbb7640ce37159548d2147b5b8c241f962143d4c71231431820783f4dc78f210",
                "sha256:cdf2448aab5f661c9315308ec8b93f4e8a1a67a3c733f8631067a2b67d5913dc",
                "sha256:d2117334c3af3bdcb9a88522b844a2bdb5efdc4f71c6c822df55486ae1c3347a",
                "sha256:d53d10f7da99ae46f7373b9150393e9c5eab9b224909982b43832668de4779f5",
                "sha256:d9fafc5aa2e2a39aaf7f8cc0c1f044a9b07fca12e558dca53a3cc5c654ad67a7",
                "sha256:db3eb7d46527159a878ec3460e9d40615bc25ba337d477db681aea6e4f05c5d2",
                "sha256:dbf7c7a88e2bac086f06d14577332760bdeecc42bdec8ac4077f6260557d9326",
                "sha256:df2b82571a1b30f58a87bf4e5a9e78d2b1eff6c6ce8fd3aa3757221f93f0863f",
                "sha256:df92f2aba50eb4d96718b68ef76f2e57a57b54f2fa62333496d16c6d585a85ca",
                "sha256:eb4e8997a49aa2c08a3e43c9045d224448b8941d88e7ac163c7d383e560cbf98",
                "sha256:efc1cdd798b1aaf39b4610bba7aad28c9bea9b910f25c784ccf9ec1fa719d1f9",
                "sha256:f146d154428a2523f9cc7936c02353c2459b8f6cf07d3cd1ee1c0a611109c5d5",
                "sha256:f5bce581e6b8c235e566a14768a943b172ada3ed73537bb0c0be1edee312d4e7",
                "sha256:f9912624a0c0b834b7520d7769b3644453aabc0a7e1c839da7359f050750e9bc",
                "sha256:fb62edb5bb52cca65fab91a63afa7561607120d26090a7e8fda6fb9f064726da",
                "sha256:ff067a8d8d880e7809e4ac88eb009bb848870115317b306666502ccad30b147f"
            ],
            "markers": "python_version >= '3.10'",
            "version": "==2.1.0"
        },
        "cryptography": {
            "hashes": [
                "sha256:026ac7423e6fa66872d3bf889be5974507da3944f866f704fa200eadacd00001",
                "sha256:07cab27cc7b7e0fd28e5e26bb9eeedde5c135c868b46de4a27845abe94af6122",
                "sha256:084ef1af862eb07ec46d25f68689f2102a9fc0e05ce7b80f14f5fe51e4eef0f6",
                "sha256:0b82e28ee398a386f0807bba7884d30f25218855690f45115831bcce5d90822c",
                "sha256:0e959b578856a3924bc0cbb710fc12c387b9412a951389f3ca61704a9e25f325",
                "sha256:0f21641cf4b30fca7aee061ced0ec7ad7b073518088b7c9969a297c0ae796c69",
                "sha256:196ecd6a36e4e9aa10270393bb98d8df88fccee0bf1e5128b91ae4eb4375896d",
                "sha256:2400ef9c9e2299a25614eb1dea3db54a69b1349efd043bfac9c67630d136df36",
                "sha256:28d8b15e6275f12c8a207dc309dfa957903c927d08d0cc937ee3f63f200693cc",
                "sha256:2afe9051da7ae7bd5905da5a949280c7d2bb75682e188f650a9d0f2756b834c6",
                "sha256:2eda353d8a27bcbcaa4cbed18994a74ab4d19a2ca897db188ea269ab9b71419b",
                "sha256:32703d93296f5c1f4b53349ad3a250c2cae0fdecd3a3dd5d47e616d8d616af27",
                "sha256:33cd0565932807baddb67b96dbee92f2c374b5c89dee09fd74079aeb8c8dba61",
                "sha256:35b151772baff2c74cba7fa290ceaff4c3b11c0c881eb93eb5dbc05a7cfbba18",
                "sha256:36d1709f992593689b45bda411498d62c6e365f2ca00b84657d4dadd24de16db",
                "sha256:42b0684e0e40cf26122427802486f6d93aea593612603a94fbf260c7eb1e9c1b",
                "sha256:4ae387c9cb68ea569ca17e490d66d8142b81c3cc814bf179974b7d146e490bbb",
                "sha256:53ecee2e23f7169b6117e99fc8a944e5e50f79e69758a83b52a00cb98ab2b2d2",
                "sha256:66ec79c3904820572d7e987abdf304281f141d37ad9a489b8e97066e7b9b6459",
                "sha256:67e1d20ad9ef3a563c59ef22e7a8a0b8210bd26604369ea4a30a7c66aefe504e",
                "sha256:6f2debedf9ca60cf1d5bd466475638af5130f89965605cd818484d19987d3a21",
                "sha256:6fc361c34fb6aac015ce19435876635e5c6d21db31998b0920f675f131e043b8",
                "sha256:73a205dce83953d131a4aa1e0fd917a2fd1c5b1eef251e9d7152efefcbf5caf7",
                "sha256:7abcee80084cda3f7691f3eb1ce480d8df49cec637b429aa35986c1de71738aa",
                "sha256:8c25ceb16df5b9435f3f6a9829204985b0e0cbee3b48aacd432c7d2c850b44d9",
                "sha256:966fe0e9c67490071f14c0d2b1cb2dfb3023c5ce39457343931415f08382f2db",
                "sha256:9e82dcc8e56052715fb18b2429e3bca4823b1629136a2084fc45a9a5cecb9b64",
                "sha256:b20133d204d2bb56ba047642199603876c872026ca53e79c35b83772ab2cc505",
                "sha256:b39efa323140595abd3ecca8529d321ae50f55f3aa3ba9cc81ea56a6011953d5",
                "sha256:b47db11c2c3525083296069b98ac5221907455e989ae0c2e3008bde851921615",
                "sha256:b87e65d263b3e5d3bb92a57e2a6638e2f31110fa7aa890c7b2dbba42248d0a3f",
                "sha256:b970c6da94d5bb18629db453d14f2a1300f6bf59b61e9b82377931ef95504866",
                "sha256:be9fcb48a55f023493482827d4f459bd263cc20efde64f204b97c123201850c6",
                "sha256:c2bc30226390d60ea19d9f82b19db005fe0452154a23c1c410c12ea801e43561",
                "sha256:c83782480a4a9da4d0feb51950131ba32e12e70813848b3343f6e18c28a66838",
                "sha256:cbc77da8c523d5abd028635ba850a6966fcee2c82e2bf65a41d1d8afe0f98be9",
                "sha256:ccac2bfebc306b862133e3bb71f3f6ee8bb525240089b2d952e4144b3a6d5da7",
                "sha256:d0527ce944105f257f605a827d6ebead966c752038b6e8656abb9c5edee6fc68",
                "sha256:d8ecde755e2e91bf773fc94e8c9d730cd7f2007004cb492263a794ec3899a1c8",
                "sha256:e3fb64c420688e5319ae25113a354015abbd8dffbfbc41781a1ea66fc7622ac3",
                "sha256:e5dfc1e64de5677cec922ffa8da89c546d0415bf6efdf081842e5d44c84e1f0e",
                "sha256:ec5e529fb80935c94fe7b729f9972b50e351a0e6b50aa294fd5cabb109fcc29a",
                "sha256:f37d847238971164fdbc68ade6f6574aecc9c0af714190e2083429ff68f4ce9d",
                "sha256:f78ff2c9ed8dc2d036b0f4d640e22522213d047c1b14e61205a7e55c80a494d4",
                "sha256:f89660a348f4f78a92366240a61404e337586ef7f5909a2fef59ca88ef505493",
                "sha256:fc1e275c2f1d97b1a6450b8b0ea3ebfa6e087a611c2b26cb2404d48588abab7b"
            ],
            "markers": "python_version >= '3.9' and python_full_version not in '3.9.0, 3.9.1'",
            "version": "==49.0.0"
        },
        "decorator": {
            "hashes": [
                "sha256:4cbcdd55a6efadb9dbea26b858f4fb3264567b52d69ca0d25b721b553f60ea82",
                "sha256:f47fe6fdbd2edd623ecfe36875d37aba411624e2670dd395dddae1358689bb3c"
            ],
            "markers": "python_version >= '3.8'",
            "version": "==5.3.1"
        },
        "deprecated": {
            "hashes": [
                "sha256:597bfef186b6f60181535a29fbe44865ce137a5079f295b479886c82729d5f3f",
                "sha256:b1b50e0ff0c1fddaa5708a2c6b0a6588bb09b892825ab2b214ac9ea9d92a5223"
            ],
            "markers": "python_version >= '2.7' and python_version not in '3.0, 3.1, 3.2, 3.3'",
            "version": "==1.3.1"
        },
        "fabric": {
            "hashes": [
                "sha256:ce61917f4f398018337ce279b357650a3a74baecf3fdd53a5839013944af965e",
                "sha256:dcbd2c47ad87688facaef5cc11aab6d1ec9ed05645fed97a5de7204d5d17cc44"
            ],
            "index": "pypi",
            "version": "==3.2.3"
        },
        "invoke": {
            "hashes": [
                "sha256:2413bc441b376e5cd3f55bb5d364f973ad8bdd7bf87e53c79de3c11bf3feecc8",
                "sha256:515bf49b4a48932b79b024590348da22f39c4942dff991ad1fb8b8baea1be707"
            ],
            "markers": "python_version >= '3.6'",
            "version": "==2.2.1"
        },
        "jinja2": {
            "hashes": [
                "sha256:0137fb05990d35f1275a587e9aee6d56da821fc83491a0fb838183be43f66d6d",
                "sha256:85ece4451f492d0c13c5dd7c13a64681a86afae63a5f347908daf103ce6d2f67"
            ],
            "index": "pypi",
            "markers": "python_version >= '3.7'",
            "version": "==3.1.6"
        },
        "markupsafe": {
            "hashes": [
                "sha256:0303439a41979d9e74d18ff5e2dd8c43ed6c6001fd40e5bf2e43f7bd9bbc523f",
                "sha256:068f375c472b3e7acbe2d5318dea141359e6900156b5b2ba06a30b169086b91a",
                "sha256:0bf2a864d67e76e5c9a34dc26ec616a66b9888e25e7b9460e1c76d3293bd9dbf",
                "sha256:0db14f5dafddbb6d9208827849fad01f1a2609380add406671a26386cdf15a19",
                "sha256:0eb9ff8191e8498cca014656ae6b8d61f39da5f95b488805da4bb029cccbfbaf",
                "sha256:0f4b68347f8c5eab4a13419215bdfd7f8c9b19f2b25520968adfad23eb0ce60c",
                "sha256:1085e7fbddd3be5f89cc898938f42c0b3c711fdcb37d75221de2666af647c175",
                "sha256:116bb52f642a37c115f517494ea5feb03889e04df47eeff5b130b1808ce7c219",
                "sha256:12c63dfb4a98206f045aa9563db46507995f7ef6d83b2f68eda65c307c6829eb",
                "sha256:133a43e73a802c5562be9bbcd03d090aa5a1fe899db609c29e8c8d815c5f6de6",
                "sha256:1353ef0c1b138e1907ae78e2f6c63ff67501122006b0f9abad68fda5f4ffc6ab",
                "sha256:15d939a21d546304880945ca1ecb8a039db6b4dc49b2c5a400387cdae6a62e26",
                "sha256:177b5253b2834fe3678cb4a5f0059808258584c559193998be2601324fdeafb1",
                "sha256:1872df69a4de6aead3491198eaf13810b565bdbeec3ae2dc8780f14458ec73ce",
                "sha256:1b4b79e8ebf6b55351f0d91fe80f893b4743f104bff22e90697db1590e47a218",
                "sha256:1b52b4fb9df4eb9ae465f8d0c228a00624de2334f216f178a995ccdcf82c4634",
                "sha256:1ba88449deb3de88bd40044603fafffb7bc2b055d626a330323a9ed736661695",
                "sha256:1cc7ea17a6824959616c525620e387f6dd30fec8cb44f649e31712db02123dad",
                "sha256:218551f6df4868a8d527e3062d0fb968682fe92054e89978594c28e642c43a73",
                "sha256:26a5784ded40c9e318cfc2bdb30fe164bdb8665ded9cd64d500a34fb42067b1c",
                "sha256:2713baf880df847f2bece4230d4d094280f4e67b1e813eec43b4c0e144a34ffe",
                "sha256:2a15a08b17dd94c53a1da0438822d70ebcd13f8c3a95abe3a9ef9f11a94830aa",
                "sha256:2f981d352f04553a7171b8e44369f2af4055f888dfb147d55e42d29e29e74559",
                "sha256:32001d6a8fc98c8cb5c947787c5d08b0a50663d139f1305bac5885d98d9b40fa",
                "sha256:3524b778fe5cfb3452a09d31e7b5adefeea8c5be1d43c4f810ba09f2ceb29d37",
                "sha256:3537e01efc9d4dccdf77221fb1cb3b8e1a38d5428920e0657ce299b20324d758",
                "sha256:35add3b638a5d900e807944a078b51922212fb3dedb01633a8defc4b01a3c85f",
                "sha256:38664109c14ffc9e7437e86b4dceb442b0096dfe3541d7864d9cbe1da4cf36c8",
                "sha256:3a7e8ae81ae39e62a41ec302f972ba6ae23a5c5396c8e60113e9066ef893da0d",
                "sha256:3b562dd9e9ea93f13d53989d23a7e775fdfd1066c33494ff43f5418bc8c58a5c",
                "sha256:457a69a9577064c05a97c41f4e65148652db078a3a509039e64d3467b9e7ef97",
                "sha256:4bd4cd07944443f5a265608cc6aab442e4f74dff8088b0dfc8238647b8f6ae9a",
                "sha256:4e885a3d1efa2eadc93c894a21770e4bc67899e3543680313b09f139e149ab19",
                "sha256:4faffd047e07c38848ce017e8725090413cd80cbc23d86e55c587bf979e579c9",
                "sha256:509fa21c6deb7a7a273d629cf5ec029bc209d1a51178615ddf718f5918992ab9",
                "sha256:5678211cb9333a6468fb8d8be0305520aa073f50d17f089b5b4b477ea6e67fdc",
                "sha256:591ae9f2a647529ca990bc681daebdd52c8791ff06c2bfa05b65163e28102ef2",
                "sha256:5a7d5dc5140555cf21a6fefbdbf8723f06fcd2f63ef108f2854de715e4422cb4",
                "sha256:69c0b73548bc525c8cb9a251cddf1931d1db4d2258e9599c28c07ef3580ef354",
                "sha256:6b5420a1d9450023228968e7e6a9ce57f65d148ab56d2313fcd589eee96a7a50",
                "sha256:722695808f4b6457b320fdc131280796bdceb04ab50fe1795cd540799ebe1698",
                "sha256:729586769a26dbceff69f7a7dbbf59ab6572b99d94576a5592625d5b411576b9",
                "sha256:77f0643abe7495da77fb436f50f8dab76dbc6e5fd25d39589a0f1fe6548bfa2b",
                "sha256:795e7751525cae078558e679d646ae45574b47ed6e7771863fcc079a6171a0fc",
                "sha256:7be7b61bb172e1ed687f1754f8e7484f1c8019780f6f6b0786e76bb01c2ae115",
                "sha256:7c3fb7d25180895632e5d3148dbdc29ea38ccb7fd210aa27acbd1201a1902c6e",
                "sha256:7e68f88e5b8799aa49c85cd116c932a1ac15caaa3f5db09087854d218359e485",
                "sha256:83891d0e9fb81a825d9a6d61e3f07550ca70a076484292a70fde82c4b807286f",
                "sha256:8485f406a96febb5140bfeca44a73e3ce5116b2501ac54fe953e488fb1d03b12",
                "sha256:8709b08f4a89aa7586de0aadc8da56180242ee0ada3999749b183aa23df95025",
                "sha256:8f71bc33915be5186016f675cd83a1e08523649b0e33efdb898db577ef5bb009",
                "sha256:915c04ba3851909ce68ccc2b8e2cd691618c4dc4c4232fb7982bca3f41fd8c3d",
                "sha256:949b8d66bc381ee8b007cd945914c721d9aba8e27f71959d750a46f7c282b20b",
                "sha256:94c6f0bb423f739146aec64595853541634bde58b2135f27f61c1ffd1cd4d16a",
                "sha256:9a1abfdc021a164803f4d485104931fb8f8c1efd55bc6b748d2f5774e78b62c5",
                "sha256:9b79b7a16f7fedff2495d684f2b59b0457c3b493778c9eed31111be64d58279f",
                "sha256:a320721ab5a1aba0a233739394eb907f8c8da5c98c9181d1161e77a0c8e36f2d",
                "sha256:a4afe79fb3de0b7097d81da19090f4df4f8d3a2b3adaa8764138aac2e44f3af1",
                "sha256:ad2cf8aa28b8c020ab2fc8287b0f823d0a7d8630784c31e9ee5edea20f406287",
                "sha256:b8512a91625c9b3da6f127803b166b629725e68af71f8184ae7e7d54686a56d6",
                "sha256:bc51efed119bc9cfdf792cdeaa4d67e8f6fcccab66ed4bfdd6bde3e59bfcbb2f",
                "sha256:bdc919ead48f234740ad807933cdf545180bfbe9342c2bb451556db2ed958581",
                "sha256:bdd37121970bfd8be76c5fb069c7751683bdf373db1ed6c010162b2a130248ed",
                "sha256:be8813b57049a7dc738189df53d69395eba14fb99345e0a5994914a3864c8a4b",
                "sha256:c0c0b3ade1c0b13b936d7970b1d37a57acde9199dc2aecc4c336773e1d86049c",
                "sha256:c47a551199eb8eb2121d4f0f15ae0f923d31350ab9280078d1e5f12b249e0026",
                "sha256:c4ffb7ebf07cfe8931028e3e4c85f0357459a3f9f9490886198848f4fa002ec8",
                "sha256:ccfcd093f13f0f0b7fdd0f198b90053bf7b2f02a3927a30e63f3ccc9df56b676",
                "sha256:d2ee202e79d8ed691ceebae8e0486bd9a2cd4794cec4824e1c99b6f5009502f6",
                "sha256:d53197da72cc091b024dd97249dfc7794d6a56530370992a5e1a08983ad9230e",
                "sha256:d6dd0be5b5b189d31db7cda48b91d7e0a9795f31430b7f271219ab30f1d3ac9d",
                "sha256:d88b440e37a16e651bda4c7c2b930eb586fd15ca7406cb39e211fcff3bf3017d",
                "sha256:de8a88e63464af587c950061a5e6a67d3632e36df62b986892331d4620a35c01",
                "sha256:df2449253ef108a379b8b5d6b43f4b1a8e81a061d6537becd5582fba5f9196d7",
                "sha256:e1c1493fb6e50ab01d20a22826e57520f1284df32f2d8601fdd90b6304601419",
                "sha256:e1cf1972137e83c5d4c136c43ced9ac51d0e124706ee1c8aa8532c1287fa8795",
                "sha256:e2103a929dfa2fcaf9bb4e7c091983a49c9ac3b19c9061b6d5427dd7d14d81a1",
                "sha256:e56b7d45a839a697b5eb268c82a71bd8c7f6c94d6fd50c3d577fa39a9f1409f5",
                "sha256:e8afc3f2ccfa24215f8cb28dcf43f0113ac3c37c2f0f0806d8c70e4228c5cf4d",
                "sha256:e8fc20152abba6b83724d7ff268c249fa196d8259ff481f3b1476383f8f24e42",
                "sha256:eaa9599de571d72e2daf60164784109f19978b327a3910d3e9de8c97b5b70cfe",
                "sha256:ec15a59cf5af7be74194f7ab02d0f59a62bdcf1a537677ce67a2537c9b87fcda",
                "sha256:f190daf01f13c72eac4efd5c430a8de82489d9cff23c364c3ea822545032993e",
                "sha256:f34c41761022dd093b4b6896d4810782ffbabe30f2d443ff5f083e0cbbb8c737",
                "sha256:f3e98bb3798ead92273dc0e5fd0f31ade220f59a266ffd8a4f6065e0a3ce0523",
                "sha256:f42d0984e947b8adf7dd6dde396e720934d12c506ce84eea8476409563607591",
                "sha256:f71a396b3bf33ecaa1626c255855702aca4d3d9fea5e051b41ac59a9c1c41edc",
                "sha256:f9e130248f4462aaa8e2552d547f36ddadbeaa573879158d721bbd33dfe4743a",
                "sha256:fed51ac40f757d41b7c48425901843666a6677e3e8eb0abcff09e4ba6e664f50"
            ],
            "markers": "python_version >= '3.9'",
            "version": "==3.0.3"
        },
        "paramiko": {
            "hashes": [
                "sha256:36763b5b95c2a0dcfdf1abc48e48156ee425b21efe2f0e787c2dd5a95c0e5e79",
                "sha256:b7044611c30140d9a75261653210e2002977b71a0497ff3ba0d98d7edbf62f7c"
            ],
            "markers": "python_version >= '3.9'",
            "version": "==5.0.0"
        },
        "pycparser": {
            "hashes": [
                "sha256:600f49d217304a5902ac3c37e1281c9fe94e4d0489de643a9504c5cdfdfc6b29",
                "sha256:b727414169a36b7d524c1c3e31839a521725078d7b2ff038656844266160a992"
            ],
            "markers": "python_version >= '3.10'",
            "version": "==3.0"
        },
        "pynacl": {
            "hashes": [
                "sha256:018494d6d696ae03c7e656e5e74cdfd8ea1326962cc401bcf018f1ed8436811c",
                "sha256:04316d1fc625d860b6c162fff704eb8426b1a8bcd3abacea11142cbd99a6b574",
                "sha256:22de65bb9010a725b0dac248f353bb072969c94fa8d6b1f34b87d7953cf7bbe4",
                "sha256:26bfcd00dcf2cf160f122186af731ae30ab120c18e8375684ec2670dccd28130",
                "sha256:2fef529ef3ee487ad8113d287a593fa26f48ee3620d92ecc6f1d09ea38e0709b",
                "sha256:320ef68a41c87547c91a8b58903c9caa641ab01e8512ce291085b5fe2fcb7590",
                "sha256:3bffb6d0f6becacb6526f8f42adfb5efb26337056ee0831fb9a7044d1a964444",
                "sha256:44081faff368d6c5553ccf55322ef2819abb40e25afaec7e740f159f74813634",
                "sha256:46065496ab748469cdd999246d17e301b2c24ae2fdf739132e580a0e94c94a87",
                "sha256:5811c72b473b2f38f7e2a3dc4f8642e3a3e9b5e7317266e4ced1fba85cae41aa",
                "sha256:622d7b07cc5c02c666795792931b50c91f3ce3c2649762efb1ef0d5684c81594",
                "sha256:62985f233210dee6548c223301b6c25440852e13d59a8b81490203c3227c5ba0",
                "sha256:68be3a09455743ff9505491220b64440ced8973fe930f270c8e07ccfa25b1f9e",
                "sha256:834a43af110f743a754448463e8fd61259cd4ab5bbedcf70f9dabad1d28a394c",
                "sha256:8845c0631c0be43abdd865511c41eab235e0be69c81dc66a50911594198679b0",
                "sha256:8a66d6fb6ae7661c58995f9c6435bda2b1e68b54b598a6a10247bfcdadac996c",
                "sha256:8b097553b380236d51ed11356c953bf8ce36a29a3e596e934ecabe76c985a577",
                "sha256:a84bf1c20339d06dc0c85d9aea9637a24f718f375d861b2668b2f9f96fa51145",
                "sha256:a9f9932d8d2811ce1a8ffa79dcbdf3970e7355b5c8eb0c1a881a57e7f7d96e88",
                "sha256:bc4a36b28dd72fb4845e5d8f9760610588a96d5a51f01d84d8c6ff9849968c14",
                "sha256:c8a231e36ec2cab018c4ad4358c386e36eede0319a0c41fed24f840b1dac59f6",
                "sha256:c949ea47e4206af7c8f604b8278093b674f7c79ed0d4719cc836902bf4517465",
                "sha256:d071c6a9a4c94d79eb665db4ce5cedc537faf74f2355e4d502591d850d3913c0",
                "sha256:d29bfe37e20e015a7d8b23cfc8bd6aa7909c92a1b8f41ee416bbb3e79ef182b2",
                "sha256:fe9847ca47d287af41e82be1dd5e23023d3c31a951da134121ab02e42ac218c9"
            ],
            "markers": "python_version >= '3.8'",
            "version": "==1.6.2"
        },
        "wrapt": {
            "hashes": [
                "sha256:0065a3b657cec06813b4241d2462ccec287f6863103d7445b725fb3a889736f9",
                "sha256:055e6fcfaa28e58c6a8c247d48b92be9d56f818b7068aa4f22b15b3343a09931",
                "sha256:0788e321027c999bf221b667bd4a54aaefd1a36283749a860ac3eb77daed0302",
                "sha256:07fdcb012821859168641acf68afad61ef9783cf37100af85f152550e9677194",
                "sha256:09f811d43f6f33ec7515f0be76b159569f4057ab54d3e079c3204dddb90afa2a",
                "sha256:0abfd648dac9ac9c5b3aa9b523d27f1789046640b58dcd5652a720ddb325e1fc",
                "sha256:0ad520e6daa9bbf136f14de735474dbec7dcc0891f718e1d274ce8dc92e645af",
                "sha256:0e64826f920c42d9d9f87e8cc09ffae66c51ede12d59061a5a426deb9aa71745",
                "sha256:0e7070c7472582e31af3dfc2622b2381a0df7435110a9388ed8db5ffbce67efb",
                "sha256:10adb01371408c6de504a6658b9886480f1a4919a83752748a387a504a21df79",
                "sha256:11d95fc2fbad3163596c39d440e6f21ca9fccece74b56e30a37ac2fca786a07c",
                "sha256:173e5bb5ca350a6e0abab60b7ec7cdd7992a814cb14b4de670a28f067f105663",
                "sha256:1fc7691f070220215cccb2a20836b9adbaecb8ff22ad47abe63de5f110994fac",
                "sha256:209112cafd963710a05d199aae431d79a28bc76eb8e6d1bbbb8ad24340722cae",
                "sha256:2252f77663651b89255895f58cc6ac08fcb206d4371813e5af61bb62d4f7689c",
                "sha256:25904acb9475f46c24fe0423dbc8fda8cc5fbc282ab3dc6e72e919748c53f4e9",
                "sha256:26fc73a1b15e0946d2942b9a4426d162b51676338327dc067ccd8d2d76385f94",
                "sha256:2cb07f414fab25dbe6b5c7398e1491423a5c81a6209533639969a6c928d474a4",
                "sha256:2cd7181ab1c31192ff5219269830744b5a62020b3a6d433588c4f1c95b8f8bff",
                "sha256:2e096c9d39a59b35b63c9aacfbbbec2088ff51ff1fc31051acc60a07f42f273a",
                "sha256:305d4c247d61c4115794a169141823c62f719525ddb90b23aa332741c77d2c28",
                "sha256:30f7424af5c5c345b7f26490e097f74a2ef45b3d08b664dc33571aee3bd3b56c",
                "sha256:3179a4db066b53d40562e368b12895440c8f0953b6543b89d6acc41c0273996e",
                "sha256:3442eee2a5798f9b451f1b2cd7518ce8b7e28a2a364696c414460a0e295c012a",
                "sha256:385cb1866f20479e83299af585375bfa0a4b0c6c9907a981483ea782ea8ae406",
                "sha256:3a4eb7964ff4643d333c84f880bcf554652b2a1050aebc54ae696327f61acfaf",
                "sha256:3b686cfc008776a3952d6213cb296ed7f45d782a8453936406faa89eac0835ab",
                "sha256:3c4095803491f6ef72128914c28ec05bbad9758433bb35f6715a3e9c8e46fb2d",
                "sha256:3dc3dcfc2da95d501905f10dc11a0dc622e91d8cdd8bbfcb63ca54afd131e556",
                "sha256:4250b43d1a129d947e083c4dc6baf333c9bb34edd26f912d5b0457841fc858ab",
                "sha256:4402f57c5f0d0579599858ffbdd9bf4e3f0972f51096f2bd6cc7dab6b76ee49e",
                "sha256:45c2f2768e790c9f8db90f239ef23a2af8e7570f25a35619ef902df4a738447f",
                "sha256:4b481fb0c40d9fd90a5809911208da700987d373a20a4709dc9e3944af7a6bec",
                "sha256:4bccea5cdecffa9dd70e343741f0e41e0a16619313d04b72f78bb525162ebcd0",
                "sha256:518b0c5e323511ec56a38894802ddd5e1222626484e68efe63f201854ad788e5",
                "sha256:5499236ad1dc116012e2a5dd943f3f31af12fce452128e2bbcbd55a7d3d4d14c",
                "sha256:55b9a899e6fff5444f229d30aa6e9ac92d2216d9d60f33c771b5d76a760d5f8e",
                "sha256:58f9f8d637c9a6e245c6ef5b109b67ec187d2faed23d1405656b51d96e0a5b56",
                "sha256:5bad217350f19ce99ca5b5e71d406765ea86fe541628426772b657375ee1c048",
                "sha256:5d0a142f7af07caeb5e5da87493162a7b8efa19ba919e550a746f7446e13fb30",
                "sha256:62415fd095bc590b842b6d092f2b5d9ccbaeb7e0b28535c03dcea2718b48636b",
                "sha256:656593bb3f5529f03d27af4136c4d7b11990e470bcbc6fefa5ef218695bece55",
                "sha256:6c99012a22f735a85eed7c4b86a3e99c30fdd57d9e115b2b45f796264b58d0bf",
                "sha256:6d1a6050405bf334be33bf66296f113563622972a34900ae6fa60fd283a1a900",
                "sha256:6e7e45b43d3c774d244fe7264378f5a3f0f383bc55a54a9866434e524540110f",
                "sha256:6fe35fd51b74867d8b80174c277bd6bbf6a73e443f908129dc531c4b688a20d5",
                "sha256:7d2f6573561fa05002e5ee71529f4ab0a7dffed3e45b51013fe6298fe2723c02",
                "sha256:814f1bf3e0a7035f67a1db0cdaf5e2bbcaa4d7092db96673cfa467adeaab8591",
                "sha256:8374eb6b1a58809211e84ff835a182bb17ab2807a5bfef23204c8cff38178a00",
                "sha256:8417fd3c674d3c8023d080292d29301531a12daf8bd938dd419710dd2f464f2b",
                "sha256:8636809939152be6ae20a6cef0fed9fe60f411b47847d0426a826884b469e971",
                "sha256:8ffbeaea6771a6eba6e6eeb09767864995726bc8240bb54baf88a9bb1db34d5c",
                "sha256:94b00b00f806eb3ef2abe9049ed45994a81ee9284884d96e6b8314927c6cea3d",
                "sha256:955f1d6e72a352e478de8d8b503abe301c5e139a141b62eb0923bd694995025f",
                "sha256:9e8b648270c613720a202d9a45ebabc33261b22c3a839b115ac5bce8c0bb0d69",
                "sha256:9ee098171b07edba66ab69a9bf0251d3cbef654107e800feb24c0c6f30592728",
                "sha256:a28287413351cb198b8c5ddd045c56fac1d195808642cd264d1ab50426146650",
                "sha256:a2d78c363f97d8bd718ee40432c66395685e9e98528ccaa423c3355d1715a26d",
                "sha256:a41e758d80dc0ab8c210f641ac892009d356cf1f955d97db544c8dd317b4d14c",
                "sha256:a795d3c06e5fbf9ea2f13196180b77aeab1b4685917256ee0d014cc163d90063",
                "sha256:aa14b01804bce36c6d63d7b6a4f55df390f29f8648cc13a1f40b166f4d54680d",
                "sha256:abf033b7e4542357659cd83ed6cd5033c43aaa1887044045ceb571528837f72f",
                "sha256:abf8c20a2d72ee69e16328b3c91342c446e723bfe48bfcc4dded3b9722ac027f",
                "sha256:b84cd4058001c9727b0e9980b7a9e66325b5ca748b1b578e822cade1bc6b304f",
                "sha256:b89d8d73c82db2bb7e6090b3afd7973f980d24e905cc34394eab60b884b3bf67",
                "sha256:bbf00ee0cb55ec24e2b0995a71942b85b21a066db8f3f46e1dbfdb9433ffba81",
                "sha256:c20279cd1a29800815d7b2d6338b60a6c6e78263f9d6e62e0eda251ba9cae2d0",
                "sha256:c38510a21d5b9cf3e84c460d909e9f2a098667439fd42841bb081cab45835d68",
                "sha256:c427c9d06d859848a69f0d928fe28b5c33a941b2265d10a0e1f15cd244f1ee33",
                "sha256:c5d7825491bfa2d08b97e9557768987952c7b9ae687d06c3320b40a37ccb7f20",
                "sha256:c6c64c5d02578bc4c4bca4f0aef1504de933c1d5b4ac2710b9131111459506c8",
                "sha256:cd385a48b055bdc3630ab30e0c7fd8514a36904ec23f9cee7a65d887334a3cea",
                "sha256:d01d8e0afc55823245a3b97a79c7c77464e31ea7a7b629a4bf26f9441dc1f18e",
                "sha256:d09db0f7e8357060d3c38fc22a018aba683a796bf184360fd1a58f6fc180dc77",
                "sha256:d619e1eed9bd4f6ed9f24cd61971aa086fa86505289628d464bcf8a2c2e3f328",
                "sha256:d8a15813215f33fa83667bfc978b300e35669ea8bb424e970a1426bcb7bc6cca",
                "sha256:dcaa5e1451bd8751d7bd1568dfa3321c78092a52a7ecb5d1a0f18a5791e1fd00",
                "sha256:dfb00cb7bb22099e2f64b7340fb96113639aa7260c0972af3797ace2297b936c",
                "sha256:e542b7c5af91e2123a8aabf19894319d5ec4268d2a9ffd2f239386133fc47746",
                "sha256:e5a5290e4bf2f332fc29ce72ffb9a2fff678aaac047e2e9f5f7165cd7792e099",
                "sha256:e6fb7e94e8fe3e4c3067bb1653a91cce7c5e83acc119fdd41501b1bf74654617",
                "sha256:e7f10ee0bd53673bfd52b67cbce83336fe6cad90d2377b03baf66491d2bbfb91",
                "sha256:ec8f83949028366531383603139403cac7a826e4011955813cdd640017845ce5",
                "sha256:ef2cce266b5b0b07e19fa82e59673b81142b7a3607c8ed1254113d048ed668da",
                "sha256:f1a2ff355ece6a111ca7a20dc86df6659c9205d3fcee674ca34f2a2854fd4e73",
                "sha256:f32fe639c39561ccc187bcae17e9271be0eb45f1c2952510d2f29b33ab577347",
                "sha256:f4bfd8d1eb438153eff8b8cfe87f032ba65731e1ce06138b5090f745a33f6f95",
                "sha256:f90038ab58fafb584801ca62d72384d7d5225d93c76f7b773c22fae545bd8066",
                "sha256:fa81c5b5fe8cd6c41e3a798533b81288279e5fdbde2128f21071922764281c99",
                "sha256:fb18fc51e813df0d9c98049e3bf2298a5495a648602040e21fa3c7329371159e"
            ],
            "markers": "python_version >= '3.9'",
            "version": "==2.2.2"
        }
    },
    "develop": {
        "iniconfig": {
            "hashes": [
                "sha256:c76315c77db068650d49c5b56314774a7804df16fee4402c1f19d6d15d8c4730",
                "sha256:f631c04d2c48c52b84d0d0549c99ff3859c98df65b3101406327ecc7d53fbf12"
            ],
            "markers": "python_version >= '3.10'",
            "version": "==2.3.0"
        },
        "packaging": {
            "hashes": [
                "sha256:5fc45236b9446107ff2415ce77c807cee2862cb6fac22b8a73826d0693b0980e",
                "sha256:ff452ff5a3e828ce110190feff1178bb1f2ea2281fa2075aadb987c2fb221661"
            ],
            "markers": "python_version >= '3.8'",
            "version": "==26.2"
        },
        "pluggy": {
            "hashes": [
                "sha256:7dcc130b76258d33b90f61b658791dede3486c3e6bfb003ee5c9bfb396dd22f3",
                "sha256:e920276dd6813095e9377c0bc5566d94c932c33b27a3e3945d8389c374dd4746"
            ],
            "markers": "python_version >= '3.9'",
            "version": "==1.6.0"
        },
        "pygments": {
            "hashes": [
                "sha256:6757cd03768053ff99f3039c1a36d6c0aa0b263438fcab17520b30a303a82b5f",
                "sha256:81a9e26dd42fd28a23a2d169d86d7ac03b46e2f8b59ed4698fb4785f946d0176"
            ],
            "markers": "python_version >= '3.9'",
            "version": "==2.20.0"
        },
        "pytest": {
            "hashes": [
                "sha256:1088fbde8f2b49d95a549a195707afa7a76a3ce9bcadc26b6d71f0ffda5fe313",
                "sha256:37a86b45efb9a47a61a36449063e8e18d0cab3161329fc099eb21783169c4f0c"
            ],
            "index": "pypi",
            "markers": "python_version >= '3.10'",
            "version": "==9.1.1"
        }
    }
}
